# THIS IS AN AUTOGENERATED FILE. DO NOT EDIT THIS FILE DIRECTLY.
# yarn lockfile v1


react-confirm-alert@^2.6.2:
  version "2.6.2"
  resolved "https://registry.yarnpkg.com/react-confirm-alert/-/react-confirm-alert-2.6.2.tgz#775c6e5233cd2c4b06f4ddedd59b8de03e071876"
  integrity sha512-lvlk+Sic7p3wbOcsetkCHVXA3LJCDViqjO8sV7FtCfJwjw36ZKCJv2FiaxUCiw3g8PXvmpjEtvAvLqPKb8yh/A==
